// !$*UTF8*$!
{
	archiveVersion = 1;
	classes = {
	};
	objectVersion = 55;
	objects = {

/* Begin PBXBuildFile section */
		A599F019278E01C1004FFF42 /* AppDelegate.swift in Sources */ = {isa = PBXBuildFile; fileRef = A599F018278E01C1004FFF42 /* AppDelegate.swift */; };
		A599F01B278E01C1004FFF42 /* SceneDelegate.swift in Sources */ = {isa = PBXBuildFile; fileRef = A599F01A278E01C1004FFF42 /* SceneDelegate.swift */; };
		A599F01D278E01C1004FFF42 /* ViewController.swift in Sources */ = {isa = PBXBuildFile; fileRef = A599F01C278E01C1004FFF42 /* ViewController.swift */; };
		A599F020278E01C1004FFF42 /* Main.storyboard in Resources */ = {isa = PBXBuildFile; fileRef = A599F01E278E01C1004FFF42 /* Main.storyboard */; };
		A599F022278E01C2004FFF42 /* Assets.xcassets in Resources */ = {isa = PBXBuildFile; fileRef = A599F021278E01C2004FFF42 /* Assets.xcassets */; };
		A599F025278E01C2004FFF42 /* LaunchScreen.storyboard in Resources */ = {isa = PBXBuildFile; fileRef = A599F023278E01C2004FFF42 /* LaunchScreen.storyboard */; };
		FF4E904BE14A1E7A283F609B /* Pods_HomeWorkSpringApp.framework in Frameworks */ = {isa = PBXBuildFile; fileRef = 3B322CDD60C771420442542F /* Pods_HomeWorkSpringApp.framework */; };
/* End PBXBuildFile section */

/* Begin PBXFileReference section */
		3B322CDD60C771420442542F /* Pods_HomeWorkSpringApp.framework */ = {isa = PBXFileReference; explicitFileType = wrapper.framework; includeInIndex = 0; path = Pods_HomeWorkSpringApp.framework; sourceTree = BUILT_PRODUCTS_DIR; };
		A447EC26DA54445D56B4F6B3 /* Pods-HomeWorkSpringApp.release.xcconfig */ = {isa = PBXFileReference; includeInIndex = 1; lastKnownFileType = text.xcconfig; name = "Pods-HomeWorkSpringApp.release.xcconfig"; path = "Target Support Files/Pods-HomeWorkSpringApp/Pods-HomeWorkSpringApp.release.xcconfig"; sourceTree = "<group>"; };
		A599F015278E01C1004FFF42 /* HomeWorkSpringApp.app */ = {isa = PBXFileReference; explicitFileType = wrapper.application; includeInIndex = 0; path = HomeWorkSpringApp.app; sourceTree = BUILT_PRODUCTS_DIR; };
		A599F018278E01C1004FFF42 /* AppDelegate.swift */ = {isa = PBXFileReference; lastKnownFileType = sourcecode.swift; path = AppDelegate.swift; sourceTree = "<group>"; };
		A599F01A278E01C1004FFF42 /* SceneDelegate.swift */ = {isa = PBXFileReference; lastKnownFileType = sourcecode.swift; path = SceneDelegate.swift; sourceTree = "<group>"; };
		A599F01C278E01C1004FFF42 /* ViewController.swift */ = {isa = PBXFileReference; lastKnownFileType = sourcecode.swift; path = ViewController.swift; sourceTree = "<group>"; };
		A599F01F278E01C1004FFF42 /* Base */ = {isa = PBXFileReference; lastKnownFileType = file.storyboard; name = Base; path = Base.lproj/Main.storyboard; sourceTree = "<group>"; };
		A599F021278E01C2004FFF42 /* Assets.xcassets */ = {isa = PBXFileReference; lastKnownFileType = folder.assetcatalog; path = Assets.xcassets; sourceTree = "<group>"; };
		A599F024278E01C2004FFF42 /* Base */ = {isa = PBXFileReference; lastKnownFileType = file.storyboard; name = Base; path = Base.lproj/LaunchScreen.storyboard; sourceTree = "<group>"; };
		A599F026278E01C2004FFF42 /* Info.plist */ = {isa = PBXFileReference; lastKnownFileType = text.plist.xml; path = Info.plist; sourceTree = "<group>"; };
		A9912BC286F07C39401D0971 /* Pods-HomeWorkSpringApp.debug.xcconfig */ = {isa = PBXFileReference; includeInIndex = 1; lastKnownFileType = text.xcconfig; name = "Pods-HomeWorkSpringApp.debug.xcconfig"; path = "Target Support Files/Pods-HomeWorkSpringApp/Pods-HomeWorkSpringApp.debug.xcconfig"; sourceTree = "<group>"; };
/* End PBXFileReference section */

/* Begin PBXFrameworksBuildPhase section */
		A599F012278E01C1004FFF42 /* Frameworks */ = {
			isa = PBXFrameworksBuildPhase;
			buildActionMask = 2147483647;
			files = (
				FF4E904BE14A1E7A283F609B /* Pods_HomeWorkSpringApp.framework in Frameworks */,
			);
			runOnlyForDeploymentPostprocessing = 0;
		};
/* End PBXFrameworksBuildPhase section */

/* Begin PBXGroup section */
		2CE9F90A3EECEF77EB6C1DB7 /* Frameworks */ = {
			isa = PBXGroup;
			children = (
				3B322CDD60C771420442542F /* Pods_HomeWorkSpringApp.framework */,
			);
			name = Frameworks;
			sourceTree = "<group>";
		};
		47A18A7329693C4C971E91C4 /* Pods */ = {
			isa = PBXGroup;
			children = (
				A9912BC286F07C39401D0971 /* Pods-HomeWorkSpringApp.debug.xcconfig */,
				A447EC26DA54445D56B4F6B3 /* Pods-HomeWorkSpringApp.release.xcconfig */,
			);
			name = Pods;
			path = Pods;
			sourceTree = "<group>";
		};
		A599F00C278E01C1004FFF42 = {
			isa = PBXGroup;
			children = (
				A599F017278E01C1004FFF42 /* HomeWorkSpringApp */,
				A599F016278E01C1004FFF42 /* Products */,
				47A18A7329693C4C971E91C4 /* Pods */,
				2CE9F90A3EECEF77EB6C1DB7 /* Frameworks */,
			);
			sourceTree = "<group>";
		};
		A599F016278E01C1004FFF42 /* Products */ = {
			isa = PBXGroup;
			children = (
				A599F015278E01C1004FFF42 /* HomeWorkSpringApp.app */,
			);
			name = Products;
			sourceTree = "<group>";
		};
		A599F017278E01C1004FFF42 /* HomeWorkSpringApp */ = {
			isa = PBXGroup;
			children = (
				A599F018278E01C1004FFF42 /* AppDelegate.swift */,
				A599F01A278E01C1004FFF42 /* SceneDelegate.swift */,
				A599F01C278E01C1004FFF42 /* ViewController.swift */,
				A599F01E278E01C1004FFF42 /* Main.storyboard */,
				A599F021278E01C2004FFF42 /* Assets.xcassets */,
				A599F023278E01C2004FFF42 /* LaunchScreen.storyboard */,
				A599F026278E01C2004FFF42 /* Info.plist */,
			);
			path = HomeWorkSpringApp;
			sourceTree = "<group>";
		};
/* End PBXGroup section */

/* Begin PBXNativeTarget section */
		A599F014278E01C1004FFF42 /* HomeWorkSpringApp */ = {
			isa = PBXNativeTarget;
			buildConfigurationList = A599F029278E01C2004FFF42 /* Build configuration list for PBXNativeTarget "HomeWorkSpringApp" */;
			buildPhases = (
				9ADAF3204206DBB2F79A5042 /* [CP] Check Pods Manifest.lock */,
				A599F011278E01C1004FFF42 /* Sources */,
				A599F012278E01C1004FFF42 /* Frameworks */,
				A599F013278E01C1004FFF42 /* Resources */,
				2514831919E117F2667D7285 /* [CP] Embed Pods Frameworks */,
			);
			buildRules = (
			);
			dependencies = (
			);
			name = HomeWorkSpringApp;
			productName = HomeWorkSpringApp;
			productReference = A599F015278E01C1004FFF42 /* HomeWorkSpringApp.app */;
			productType = "com.apple.product-type.application";
		};
/* End PBXNativeTarget section */

/* Begin PBXProject section */
		A599F00D278E01C1004FFF42 /* Project object */ = {
			isa = PBXProject;
			attributes = {
				BuildIndependentTargetsInParallel = 1;
				LastSwiftUpdateCheck = 1320;
				LastUpgradeCheck = 1320;
				TargetAttributes = {
					A599F014278E01C1004FFF42 = {
						CreatedOnToolsVersion = 13.2.1;
					};
				};
			};
			buildConfigurationList = A599F010278E01C1004FFF42 /* Build configuration list for PBXProject "HomeWorkSpringApp" */;
			compatibilityVersion = "Xcode 13.0";
			developmentRegion = en;
			hasScannedForEncodings = 0;
			knownRegions = (
				en,
				Base,
			);
			mainGroup = A599F00C278E01C1004FFF42;
			productRefGroup = A599F016278E01C1004FFF42 /* Products */;
			projectDirPath = "";
			projectRoot = "";
			targets = (
				A599F014278E01C1004FFF42 /* HomeWorkSpringApp */,
			);
		};
/* End PBXProject section */

/* Begin PBXResourcesBuildPhase section */
		A599F013278E01C1004FFF42 /* Resources */ = {
			isa = PBXResourcesBuildPhase;
			buildActionMask = 2147483647;
			files = (
				A599F025278E01C2004FFF42 /* LaunchScreen.storyboard in Resources */,
				A599F022278E01C2004FFF42 /* Assets.xcassets in Resources */,
				A599F020278E01C1004FFF42 /* Main.storyboard in Resources */,
			);
			runOnlyForDeploymentPostprocessing = 0;
		};
/* End PBXResourcesBuildPhase section */

/* Begin PBXShellScriptBuildPhase section */
		2514831919E117F2667D7285 /* [CP] Embed Pods Frameworks */ = {
			isa = PBXShellScriptBuildPhase;
			buildActionMask = 2147483647;
			files = (
			);
			inputFileListPaths = (
				"${PODS_ROOT}/Target Support Files/Pods-HomeWorkSpringApp/Pods-HomeWorkSpringApp-frameworks-${CONFIGURATION}-input-files.xcfilelist",
			);
			name = "[CP] Embed Pods Frameworks";
			outputFileListPaths = (
				"${PODS_ROOT}/Target Support Files/Pods-HomeWorkSpringApp/Pods-HomeWorkSpringApp-frameworks-${CONFIGURATION}-output-files.xcfilelist",
			);
			runOnlyForDeploymentPostprocessing = 0;
			shellPath = /bin/sh;
			shellScript = "\"${PODS_ROOT}/Target Support Files/Pods-HomeWorkSpringApp/Pods-HomeWorkSpringApp-frameworks.sh\"\n";
			showEnvVarsInLog = 0;
		};
		9ADAF3204206DBB2F79A5042 /* [CP] Check Pods Manifest.lock */ = {
			isa = PBXShellScriptBuildPhase;
			buildActionMask = 2147483647;
			files = (
			);
			inputFileListPaths = (
			);
			inputPaths = (
				"${PODS_PODFILE_DIR_PATH}/Podfile.lock",
				"${PODS_ROOT}/Manifest.lock",
			);
			name = "[CP] Check Pods Manifest.lock";
			outputFileListPaths = (
			);
			outputPaths = (
				"$(DERIVED_FILE_DIR)/Pods-HomeWorkSpringApp-checkManifestLockResult.txt",
			);
			runOnlyForDeploymentPostprocessing = 0;
			shellPath = /bin/sh;
			shellScript = "diff \"${PODS_PODFILE_DIR_PATH}/Podfile.lock\" \"${PODS_ROOT}/Manifest.lock\" > /dev/null\nif [ $? != 0 ] ; then\n    # print error to STDERR\n    echo \"error: The sandbox is not in sync with the Podfile.lock. Run 'pod install' or update your CocoaPods installation.\" >&2\n    exit 1\nfi\n# This output is used by Xcode 'outputs' to avoid re-running this script phase.\necho \"SUCCESS\" > \"${SCRIPT_OUTPUT_FILE_0}\"\n";
			showEnvVarsInLog = 0;
		};
/* End PBXShellScriptBuildPhase section */

/* Begin PBXSourcesBuildPhase section */
		A599F011278E01C1004FFF42 /* Sources */ = {
			isa = PBXSourcesBuildPhase;
			buildActionMask = 2147483647;
			files = (
				A599F01D278E01C1004FFF42 /* ViewController.swift in Sources */,
				A599F019278E01C1004FFF42 /* AppDelegate.swift in Sources */,
				A599F01B278E01C1004FFF42 /* SceneDelegate.swift in Sources */,
			);
			runOnlyForDeploymentPostprocessing = 0;
		};
/* End PBXSourcesBuildPhase section */

/* Begin PBXVariantGroup section */
		A599F01E278E01C1004FFF42 /* Main.storyboard */ = {
			isa = PBXVariantGroup;
			children = (
				A599F01F278E01C1004FFF42 /* Base */,
			);
			name = Main.storyboard;
			sourceTree = "<group>";
		};
		A599F023278E01C2004FFF42 /* LaunchScreen.storyboard */ = {
			isa = PBXVariantGroup;
			children = (
				A599F024278E01C2004FFF42 /* Base */,
			);
			name = LaunchScreen.storyboard;
			sourceTree = "<group>";
		};
/* End PBXVariantGroup section */

/* Begin XCBuildConfiguration section */
		A599F027278E01C2004FFF42 /* Debug */ = {
			isa = XCBuildConfiguration;
			buildSettings = {
				ALWAYS_SEARCH_USER_PATHS = NO;
				CLANG_ANALYZER_NONNULL = YES;
				CLANG_ANALYZER_NUMBER_OBJECT_CONVERSION = YES_AGGRESSIVE;
				CLANG_CXX_LANGUAGE_STANDARD = "gnu++17";
				CLANG_CXX_LIBRARY = "libc++";
				CLANG_ENABLE_MODULES = YES;
				CLANG_ENABLE_OBJC_ARC = YES;
				CLANG_ENABLE_OBJC_WEAK = YES;
				CLANG_WARN_BLOCK_CAPTURE_AUTORELEASING = YES;
				CLANG_WARN_BOOL_CONVERSION = YES;
				CLANG_WARN_COMMA = YES;
				CLANG_WARN_CONSTANT_CONVERSION = YES;
				CLANG_WARN_DEPRECATED_OBJC_IMPLEMENTATIONS = YES;
				CLANG_WARN_DIRECT_OBJC_ISA_USAGE = YES_ERROR;
				CLANG_WARN_DOCUMENTATION_COMMENTS = YES;
				CLANG_WARN_EMPTY_BODY = YES;
				CLANG_WARN_ENUM_CONVERSION = YES;
				CLANG_WARN_INFINITE_RECURSION = YES;
				CLANG_WARN_INT_CONVERSION = YES;
				CLANG_WARN_NON_LITERAL_NULL_CONVERSION = YES;
				CLANG_WARN_OBJC_IMPLICIT_RETAIN_SELF = YES;
				CLANG_WARN_OBJC_LITERAL_CONVERSION = YES;
				CLANG_WARN_OBJC_ROOT_CLASS = YES_ERROR;
				CLANG_WARN_QUOTED_INCLUDE_IN_FRAMEWORK_HEADER = YES;
				CLANG_WARN_RANGE_LOOP_ANALYSIS = YES;
				CLANG_WARN_STRICT_PROTOTYPES = YES;
				CLANG_WARN_SUSPICIOUS_MOVE = YES;
				CLANG_WARN_UNGUARDED_AVAILABILITY = YES_AGGRESSIVE;
				CLANG_WARN_UNREACHABLE_CODE = YES;
				CLANG_WARN__DUPLICATE_METHOD_MATCH = YES;
				COPY_PHASE_STRIP = NO;
				DEBUG_INFORMATION_FORMAT = dwarf;
				ENABLE_STRICT_OBJC_MSGSEND = YES;
				ENABLE_TESTABILITY = YES;
				GCC_C_LANGUAGE_STANDARD = gnu11;
				GCC_DYNAMIC_NO_PIC = NO;
				GCC_NO_COMMON_BLOCKS = YES;
				GCC_OPTIMIZATION_LEVEL = 0;
				GCC_PREPROCESSOR_DEFINITIONS = (
					"DEBUG=1",
					"$(inherited)",
				);
				GCC_WARN_64_TO_32_BIT_CONVERSION = YES;
				GCC_WARN_ABOUT_RETURN_TYPE = YES_ERROR;
				GCC_WARN_UNDECLARED_SELECTOR = YES;
				GCC_WARN_UNINITIALIZED_AUTOS = YES_AGGRESSIVE;
				GCC_WARN_UNUSED_FUNCTION = YES;
				GCC_WARN_UNUSED_VARIABLE = YES;
				IPHONEOS_DEPLOYMENT_TARGET = 15.2;
				MTL_ENABLE_DEBUG_INFO = INCLUDE_SOURCE;
				MTL_FAST_MATH = YES;
				ONLY_ACTIVE_ARCH = YES;
				SDKROOT = iphoneos;
				SWIFT_ACTIVE_COMPILATION_CONDITIONS = DEBUG;
				SWIFT_OPTIMIZATION_LEVEL = "-Onone";
			};
			name = Debug;
		};
		A599F028278E01C2004FFF42 /* Release */ = {
			isa = XCBuildConfiguration;
			buildSettings = {
				ALWAYS_SEARCH_USER_PATHS = NO;
				CLANG_ANALYZER_NONNULL = YES;
				CLANG_ANALYZER_NUMBER_OBJECT_CONVERSION = YES_AGGRESSIVE;
				CLANG_CXX_LANGUAGE_STANDARD = "gnu++17";
				CLANG_CXX_LIBRARY = "libc++";
				CLANG_ENABLE_MODULES = YES;
				CLANG_ENABLE_OBJC_ARC = YES;
				CLANG_ENABLE_OBJC_WEAK = YES;
				CLANG_WARN_BLOCK_CAPTURE_AUTORELEASING = YES;
				CLANG_WARN_BOOL_CONVERSION = YES;
				CLANG_WARN_COMMA = YES;
				CLANG_WARN_CONSTANT_CONVERSION = YES;
				CLANG_WARN_DEPRECATED_OBJC_IMPLEMENTATIONS = YES;
				CLANG_WARN_DIRECT_OBJC_ISA_USAGE = YES_ERROR;
				CLANG_WARN_DOCUMENTATION_COMMENTS = YES;
				CLANG_WARN_EMPTY_BODY = YES;
				CLANG_WARN_ENUM_CONVERSION = YES;
				CLANG_WARN_INFINITE_RECURSION = YES;
				CLANG_WARN_INT_CONVERSION = YES;
				CLANG_WARN_NON_LITERAL_NULL_CONVERSION = YES;
				CLANG_WARN_OBJC_IMPLICIT_RETAIN_SELF = YES;
				CLANG_WARN_OBJC_LITERAL_CONVERSION = YES;
				CLANG_WARN_OBJC_ROOT_CLASS = YES_ERROR;
				CLANG_WARN_QUOTED_INCLUDE_IN_FRAMEWORK_HEADER = YES;
				CLANG_WARN_RANGE_LOOP_ANALYSIS = YES;
				CLANG_WARN_STRICT_PROTOTYPES = YES;
				CLANG_WARN_SUSPICIOUS_MOVE = YES;
				CLANG_WARN_UNGUARDED_AVAILABILITY = YES_AGGRESSIVE;
				CLANG_WARN_UNREACHABLE_CODE = YES;
				CLANG_WARN__DUPLICATE_METHOD_MATCH = YES;
				COPY_PHASE_STRIP = NO;
				DEBUG_INFORMATION_FORMAT = "dwarf-with-dsym";
				ENABLE_NS_ASSERTIONS = NO;
				ENABLE_STRICT_OBJC_MSGSEND = YES;
				GCC_C_LANGUAGE_STANDARD = gnu11;
				GCC_NO_COMMON_BLOCKS = YES;
				GCC_WARN_64_TO_32_BIT_CONVERSION = YES;
				GCC_WARN_ABOUT_RETURN_TYPE = YES_ERROR;
				GCC_WARN_UNDECLARED_SELECTOR = YES;
				GCC_WARN_UNINITIALIZED_AUTOS = YES_AGGRESSIVE;
				GCC_WARN_UNUSED_FUNCTION = YES;
				GCC_WARN_UNUSED_VARIABLE = YES;
				IPHONEOS_DEPLOYMENT_TARGET = 15.2;
				MTL_ENABLE_DEBUG_INFO = NO;
				MTL_FAST_MATH = YES;
				SDKROOT = iphoneos;
				SWIFT_COMPILATION_MODE = wholemodule;
				SWIFT_OPTIMIZATION_LEVEL = "-O";
				VALIDATE_PRODUCT = YES;
			};
			name = Release;
		};
		A599F02A278E01C2004FFF42 /* Debug */ = {
			isa = XCBuildConfiguration;
			baseConfigurationReference = A9912BC286F07C39401D0971 /* Pods-HomeWorkSpringApp.debug.xcconfig */;
			buildSettings = {
				ASSETCATALOG_COMPILER_APPICON_NAME = AppIcon;
				ASSETCATALOG_COMPILER_GLOBAL_ACCENT_COLOR_NAME = AccentColor;
				CODE_SIGN_STYLE = Automatic;
				CURRENT_PROJECT_VERSION = 1;
				DEVELOPMENT_TEAM = TAYYL936C4;
				GENERATE_INFOPLIST_FILE = YES;
				INFOPLIST_FILE = HomeWorkSpringApp/Info.plist;
				INFOPLIST_KEY_UIApplicationSupportsIndirectInputEvents = YES;
				INFOPLIST_KEY_UILaunchStoryboardName = LaunchScreen;
				INFOPLIST_KEY_UIMainStoryboardFile = Main;
				INFOPLIST_KEY_UISupportedInterfaceOrientations_iPad = "UIInterfaceOrientationPortrait UIInterfaceOrientationPortraitUpsideDown UIInterfaceOrientationLandscapeLeft UIInterfaceOrientationLandscapeRight";
				INFOPLIST_KEY_UISupportedInterfaceOrientations_iPhone = "UIInterfaceOrientationPortrait UIInterfaceOrientationLandscapeLeft UIInterfaceOrientationLandscapeRight";
				IPHONEOS_DEPLOYMENT_TARGET = 13.2;
				LD_RUNPATH_SEARCH_PATHS = (
					"$(inherited)",
					"@executable_path/Frameworks",
				);
				MARKETING_VERSION = 1.0;
				PRODUCT_BUNDLE_IDENTIFIER = hw.HomeWorkSpringApp;
				PRODUCT_NAME = "$(TARGET_NAME)";
				SWIFT_EMIT_LOC_STRINGS = YES;
				SWIFT_VERSION = 5.0;
				TARGETED_DEVICE_FAMILY = "1,2";
			};
			name = Debug;
		};
		A599F02B278E01C2004FFF42 /* Release */ = {
			isa = XCBuildConfiguration;
			baseConfigurationReference = A447EC26DA54445D56B4F6B3 /* Pods-HomeWorkSpringApp.release.xcconfig */;
			buildSettings = {
				ASSETCATALOG_COMPILER_APPICON_NAME = AppIcon;
				ASSETCATALOG_COMPILER_GLOBAL_ACCENT_COLOR_NAME = AccentColor;
				CODE_SIGN_STYLE = Automatic;
				CURRENT_PROJECT_VERSION = 1;
				DEVELOPMENT_TEAM = TAYYL936C4;
				GENERATE_INFOPLIST_FILE = YES;
				INFOPLIST_FILE = HomeWorkSpringApp/Info.plist;
				INFOPLIST_KEY_UIApplicationSupportsIndirectInputEvents = YES;
				INFOPLIST_KEY_UILaunchStoryboardName = LaunchScreen;
				INFOPLIST_KEY_UIMainStoryboardFile = Main;
				INFOPLIST_KEY_UISupportedInterfaceOrientations_iPad = "UIInterfaceOrientationPortrait UIInterfaceOrientationPortraitUpsideDown UIInterfaceOrientationLandscapeLeft UIInterfaceOrientationLandscapeRight";
				INFOPLIST_KEY_UISupportedInterfaceOrientations_iPhone = "UIInterfaceOrientationPortrait UIInterfaceOrientationLandscapeLeft UIInterfaceOrientationLandscapeRight";
				IPHONEOS_DEPLOYMENT_TARGET = 13.2;
				LD_RUNPATH_SEARCH_PATHS = (
					"$(inherited)",
					"@executable_path/Frameworks",
				);
				MARKETING_VERSION = 1.0;
				PRODUCT_BUNDLE_IDENTIFIER = hw.HomeWorkSpringApp;
				PRODUCT_NAME = "$(TARGET_NAME)";
				SWIFT_EMIT_LOC_STRINGS = YES;
				SWIFT_VERSION = 5.0;
				TARGETED_DEVICE_FAMILY = "1,2";
			};
			name = Release;
		};
/* End XCBuildConfiguration section */

/* Begin XCConfigurationList section */
		A599F010278E01C1004FFF42 /* Build configuration list for PBXProject "HomeWorkSpringApp" */ = {
			isa = XCConfigurationList;
			buildConfigurations = (
				A599F027278E01C2004FFF42 /* Debug */,
				A599F028278E01C2004FFF42 /* Release */,
			);
			defaultConfigurationIsVisible = 0;
			defaultConfigurationName = Release;
		};
		A599F029278E01C2004FFF42 /* Build configuration list for PBXNativeTarget "HomeWorkSpringApp" */ = {
			isa = XCConfigurationList;
			buildConfigurations = (
				A599F02A278E01C2004FFF42 /* Debug */,
				A599F02B278E01C2004FFF42 /* Release */,
			);
			defaultConfigurationIsVisible = 0;
			defaultConfigurationName = Release;
		};
/* End XCConfigurationList section */
	};
	rootObject = A599F00D278E01C1004FFF42 /* Project object */;
}
